
Microsoft Visual Studio Solution File, Format Version 12.00
# Visual Studio 15
VisualStudioVersion = 15.0.26014.0
MinimumVisualStudioVersion = 10.0.40219.1
Project("{FAE04EC0-301F-11D3-BF4B-00C04F79EFBC}") = "Calculator", "Calculator\Calculator.csproj", "{F94C4A3C-763D-4E0D-B62C-195F10BCCAC1}"
	ProjectSection(ProjectDependencies) = postProject
		{F7452645-6064-4D0D-A0CD-171AA04ACE4B} = {F7452645-6064-4D0D-A0CD-171AA04ACE4B}
		{6F8B388C-8679-4736-A360-52E4EC8AF4D5} = {6F8B388C-8679-4736-A360-52E4EC8AF4D5}
		{753585C2-B934-44CC-9D6F-0C6093DB7ED7} = {753585C2-B934-44CC-9D6F-0C6093DB7ED7}
		{65CD49CC-65F5-46B7-A0A4-FA386B6A46FE} = {65CD49CC-65F5-46B7-A0A4-FA386B6A46FE}
	EndProjectSection
EndProject
Project("{FAE04EC0-301F-11D3-BF4B-00C04F79EFBC}") = "Calculator.Controls", "Calculator.Controls\Calculator.Controls.csproj", "{EDCAED3E-E410-48E4-B28C-B186C7F01251}"
	ProjectSection(ProjectDependencies) = postProject
		{81FCE370-3F80-4FF7-ADC9-14AF74D77B96} = {81FCE370-3F80-4FF7-ADC9-14AF74D77B96}
	EndProjectSection
EndProject
Project("{FAE04EC0-301F-11D3-BF4B-00C04F79EFBC}") = "Calculator.Keypad", "Calculator.Keypad\Calculator.Keypad.csproj", "{20FE640A-A9A1-4759-9CD5-87402F2D9CD5}"
	ProjectSection(ProjectDependencies) = postProject
		{81FCE370-3F80-4FF7-ADC9-14AF74D77B96} = {81FCE370-3F80-4FF7-ADC9-14AF74D77B96}
	EndProjectSection
EndProject
Project("{FAE04EC0-301F-11D3-BF4B-00C04F79EFBC}") = "Calculator.Styling", "Calculator.Styling\Calculator.Styling.csproj", "{BD4112DD-6462-4A9C-8AD3-3548C145421C}"
EndProject
Project("{FAE04EC0-301F-11D3-BF4B-00C04F79EFBC}") = "Calculator.Messages", "Calculator.Messages\Calculator.Messages.csproj", "{2708AE29-8665-4AF1-8B70-A8BADFD04600}"
EndProject
Project("{FAE04EC0-301F-11D3-BF4B-00C04F79EFBC}") = "Calculator.GestureRecognizer", "Calculator.GestureRecognizer\Calculator.GestureRecognizer.csproj", "{65CD49CC-65F5-46B7-A0A4-FA386B6A46FE}"
EndProject
Project("{FAE04EC0-301F-11D3-BF4B-00C04F79EFBC}") = "Calculator.Common", "Calculator.Common\Calculator.Common.csproj", "{81FCE370-3F80-4FF7-ADC9-14AF74D77B96}"
EndProject
Project("{2150E333-8FDC-42A3-9474-1A3956D46DE8}") = "GestureTraining", "GestureTraining", "{62EB788F-2132-4C9E-88BF-FE7226370076}"
EndProject
Project("{2150E333-8FDC-42A3-9474-1A3956D46DE8}") = "Main", "Main", "{C22AE416-541A-4609-B3E4-8E65A3A51705}"
EndProject
Project("{FAE04EC0-301F-11D3-BF4B-00C04F79EFBC}") = "Calculator.GestureTraining", "Calculator.GestureTraining\Calculator.GestureTraining.csproj", "{753585C2-B934-44CC-9D6F-0C6093DB7ED7}"
EndProject
Project("{2150E333-8FDC-42A3-9474-1A3956D46DE8}") = "CharacterSelection", "CharacterSelection", "{F3A5F5BD-09EB-4C1F-AC16-4D62AC5C001F}"
EndProject
Project("{FAE04EC0-301F-11D3-BF4B-00C04F79EFBC}") = "Calculator.CharacterSelection", "Calculator.CharacterSelection\Calculator.CharacterSelection.csproj", "{F7452645-6064-4D0D-A0CD-171AA04ACE4B}"
EndProject
Project("{FAE04EC0-301F-11D3-BF4B-00C04F79EFBC}") = "Calculator.Main", "Calculator.Main\Calculator.Main.csproj", "{6F8B388C-8679-4736-A360-52E4EC8AF4D5}"
EndProject
Project("{2150E333-8FDC-42A3-9474-1A3956D46DE8}") = "Common", "Common", "{1B7848CC-3408-42F7-B35C-504A91F14BDC}"
EndProject
Global
	GlobalSection(SolutionConfigurationPlatforms) = preSolution
		Debug|Any CPU = Debug|Any CPU
		Documentation|Any CPU = Documentation|Any CPU
		Release|Any CPU = Release|Any CPU
	EndGlobalSection
	GlobalSection(ProjectConfigurationPlatforms) = postSolution
		{F94C4A3C-763D-4E0D-B62C-195F10BCCAC1}.Debug|Any CPU.ActiveCfg = Debug|Any CPU
		{F94C4A3C-763D-4E0D-B62C-195F10BCCAC1}.Debug|Any CPU.Build.0 = Debug|Any CPU
		{F94C4A3C-763D-4E0D-B62C-195F10BCCAC1}.Documentation|Any CPU.ActiveCfg = Debug|Any CPU
		{F94C4A3C-763D-4E0D-B62C-195F10BCCAC1}.Documentation|Any CPU.Build.0 = Debug|Any CPU
		{F94C4A3C-763D-4E0D-B62C-195F10BCCAC1}.Release|Any CPU.ActiveCfg = Release|Any CPU
		{F94C4A3C-763D-4E0D-B62C-195F10BCCAC1}.Release|Any CPU.Build.0 = Release|Any CPU
		{EDCAED3E-E410-48E4-B28C-B186C7F01251}.Debug|Any CPU.ActiveCfg = Debug|Any CPU
		{EDCAED3E-E410-48E4-B28C-B186C7F01251}.Debug|Any CPU.Build.0 = Debug|Any CPU
		{EDCAED3E-E410-48E4-B28C-B186C7F01251}.Documentation|Any CPU.ActiveCfg = Debug|Any CPU
		{EDCAED3E-E410-48E4-B28C-B186C7F01251}.Documentation|Any CPU.Build.0 = Debug|Any CPU
		{EDCAED3E-E410-48E4-B28C-B186C7F01251}.Release|Any CPU.ActiveCfg = Release|Any CPU
		{EDCAED3E-E410-48E4-B28C-B186C7F01251}.Release|Any CPU.Build.0 = Release|Any CPU
		{20FE640A-A9A1-4759-9CD5-87402F2D9CD5}.Debug|Any CPU.ActiveCfg = Debug|Any CPU
		{20FE640A-A9A1-4759-9CD5-87402F2D9CD5}.Debug|Any CPU.Build.0 = Debug|Any CPU
		{20FE640A-A9A1-4759-9CD5-87402F2D9CD5}.Documentation|Any CPU.ActiveCfg = Debug|Any CPU
		{20FE640A-A9A1-4759-9CD5-87402F2D9CD5}.Documentation|Any CPU.Build.0 = Debug|Any CPU
		{20FE640A-A9A1-4759-9CD5-87402F2D9CD5}.Release|Any CPU.ActiveCfg = Release|Any CPU
		{20FE640A-A9A1-4759-9CD5-87402F2D9CD5}.Release|Any CPU.Build.0 = Release|Any CPU
		{BD4112DD-6462-4A9C-8AD3-3548C145421C}.Debug|Any CPU.ActiveCfg = Debug|Any CPU
		{BD4112DD-6462-4A9C-8AD3-3548C145421C}.Debug|Any CPU.Build.0 = Debug|Any CPU
		{BD4112DD-6462-4A9C-8AD3-3548C145421C}.Documentation|Any CPU.ActiveCfg = Debug|Any CPU
		{BD4112DD-6462-4A9C-8AD3-3548C145421C}.Documentation|Any CPU.Build.0 = Debug|Any CPU
		{BD4112DD-6462-4A9C-8AD3-3548C145421C}.Release|Any CPU.ActiveCfg = Release|Any CPU
		{BD4112DD-6462-4A9C-8AD3-3548C145421C}.Release|Any CPU.Build.0 = Release|Any CPU
		{2708AE29-8665-4AF1-8B70-A8BADFD04600}.Debug|Any CPU.ActiveCfg = Debug|Any CPU
		{2708AE29-8665-4AF1-8B70-A8BADFD04600}.Debug|Any CPU.Build.0 = Debug|Any CPU
		{2708AE29-8665-4AF1-8B70-A8BADFD04600}.Documentation|Any CPU.ActiveCfg = Debug|Any CPU
		{2708AE29-8665-4AF1-8B70-A8BADFD04600}.Documentation|Any CPU.Build.0 = Debug|Any CPU
		{2708AE29-8665-4AF1-8B70-A8BADFD04600}.Release|Any CPU.ActiveCfg = Release|Any CPU
		{2708AE29-8665-4AF1-8B70-A8BADFD04600}.Release|Any CPU.Build.0 = Release|Any CPU
		{65CD49CC-65F5-46B7-A0A4-FA386B6A46FE}.Debug|Any CPU.ActiveCfg = Debug|Any CPU
		{65CD49CC-65F5-46B7-A0A4-FA386B6A46FE}.Debug|Any CPU.Build.0 = Debug|Any CPU
		{65CD49CC-65F5-46B7-A0A4-FA386B6A46FE}.Documentation|Any CPU.ActiveCfg = Debug|Any CPU
		{65CD49CC-65F5-46B7-A0A4-FA386B6A46FE}.Documentation|Any CPU.Build.0 = Debug|Any CPU
		{65CD49CC-65F5-46B7-A0A4-FA386B6A46FE}.Release|Any CPU.ActiveCfg = Release|Any CPU
		{65CD49CC-65F5-46B7-A0A4-FA386B6A46FE}.Release|Any CPU.Build.0 = Release|Any CPU
		{81FCE370-3F80-4FF7-ADC9-14AF74D77B96}.Debug|Any CPU.ActiveCfg = Debug|Any CPU
		{81FCE370-3F80-4FF7-ADC9-14AF74D77B96}.Debug|Any CPU.Build.0 = Debug|Any CPU
		{81FCE370-3F80-4FF7-ADC9-14AF74D77B96}.Documentation|Any CPU.ActiveCfg = Debug|Any CPU
		{81FCE370-3F80-4FF7-ADC9-14AF74D77B96}.Documentation|Any CPU.Build.0 = Debug|Any CPU
		{81FCE370-3F80-4FF7-ADC9-14AF74D77B96}.Release|Any CPU.ActiveCfg = Release|Any CPU
		{81FCE370-3F80-4FF7-ADC9-14AF74D77B96}.Release|Any CPU.Build.0 = Release|Any CPU
		{753585C2-B934-44CC-9D6F-0C6093DB7ED7}.Debug|Any CPU.ActiveCfg = Debug|Any CPU
		{753585C2-B934-44CC-9D6F-0C6093DB7ED7}.Debug|Any CPU.Build.0 = Debug|Any CPU
		{753585C2-B934-44CC-9D6F-0C6093DB7ED7}.Documentation|Any CPU.ActiveCfg = Debug|Any CPU
		{753585C2-B934-44CC-9D6F-0C6093DB7ED7}.Documentation|Any CPU.Build.0 = Debug|Any CPU
		{753585C2-B934-44CC-9D6F-0C6093DB7ED7}.Release|Any CPU.ActiveCfg = Release|Any CPU
		{753585C2-B934-44CC-9D6F-0C6093DB7ED7}.Release|Any CPU.Build.0 = Release|Any CPU
		{F7452645-6064-4D0D-A0CD-171AA04ACE4B}.Debug|Any CPU.ActiveCfg = Debug|Any CPU
		{F7452645-6064-4D0D-A0CD-171AA04ACE4B}.Debug|Any CPU.Build.0 = Debug|Any CPU
		{F7452645-6064-4D0D-A0CD-171AA04ACE4B}.Documentation|Any CPU.ActiveCfg = Debug|Any CPU
		{F7452645-6064-4D0D-A0CD-171AA04ACE4B}.Documentation|Any CPU.Build.0 = Debug|Any CPU
		{F7452645-6064-4D0D-A0CD-171AA04ACE4B}.Release|Any CPU.ActiveCfg = Release|Any CPU
		{F7452645-6064-4D0D-A0CD-171AA04ACE4B}.Release|Any CPU.Build.0 = Release|Any CPU
		{6F8B388C-8679-4736-A360-52E4EC8AF4D5}.Debug|Any CPU.ActiveCfg = Debug|Any CPU
		{6F8B388C-8679-4736-A360-52E4EC8AF4D5}.Debug|Any CPU.Build.0 = Debug|Any CPU
		{6F8B388C-8679-4736-A360-52E4EC8AF4D5}.Documentation|Any CPU.ActiveCfg = Debug|Any CPU
		{6F8B388C-8679-4736-A360-52E4EC8AF4D5}.Documentation|Any CPU.Build.0 = Debug|Any CPU
		{6F8B388C-8679-4736-A360-52E4EC8AF4D5}.Release|Any CPU.ActiveCfg = Release|Any CPU
		{6F8B388C-8679-4736-A360-52E4EC8AF4D5}.Release|Any CPU.Build.0 = Release|Any CPU
	EndGlobalSection
	GlobalSection(SolutionProperties) = preSolution
		HideSolutionNode = FALSE
	EndGlobalSection
	GlobalSection(NestedProjects) = preSolution
		{EDCAED3E-E410-48E4-B28C-B186C7F01251} = {C22AE416-541A-4609-B3E4-8E65A3A51705}
		{20FE640A-A9A1-4759-9CD5-87402F2D9CD5} = {C22AE416-541A-4609-B3E4-8E65A3A51705}
		{BD4112DD-6462-4A9C-8AD3-3548C145421C} = {1B7848CC-3408-42F7-B35C-504A91F14BDC}
		{2708AE29-8665-4AF1-8B70-A8BADFD04600} = {C22AE416-541A-4609-B3E4-8E65A3A51705}
		{65CD49CC-65F5-46B7-A0A4-FA386B6A46FE} = {62EB788F-2132-4C9E-88BF-FE7226370076}
		{81FCE370-3F80-4FF7-ADC9-14AF74D77B96} = {1B7848CC-3408-42F7-B35C-504A91F14BDC}
		{753585C2-B934-44CC-9D6F-0C6093DB7ED7} = {62EB788F-2132-4C9E-88BF-FE7226370076}
		{F7452645-6064-4D0D-A0CD-171AA04ACE4B} = {F3A5F5BD-09EB-4C1F-AC16-4D62AC5C001F}
		{6F8B388C-8679-4736-A360-52E4EC8AF4D5} = {C22AE416-541A-4609-B3E4-8E65A3A51705}
	EndGlobalSection
EndGlobal
